
Microsoft Visual Studio Solution File, Format Version 12.00
# Visual Studio 15
Project("{FAE04EC0-301F-11D3-BF4B-00C04F79EFBC}") = "Assembly-CSharp-firstpass", "Assembly-CSharp-firstpass.csproj", "{2D2E5B52-0437-5A77-5934-7061C2D3159F}"
EndProject
Project("{FAE04EC0-301F-11D3-BF4B-00C04F79EFBC}") = "Assembly-CSharp-Editor-firstpass", "Assembly-CSharp-Editor-firstpass.csproj", "{C869EE52-6AC6-5596-84AE-521F360FBA29}"
EndProject
Global
	GlobalSection(SolutionConfigurationPlatforms) = preSolution
		Debug|Any CPU = Debug|Any CPU
		Release|Any CPU = Release|Any CPU
	EndGlobalSection
	GlobalSection(ProjectConfigurationPlatforms) = postSolution
		{2D2E5B52-0437-5A77-5934-7061C2D3159F}.Debug|Any CPU.ActiveCfg = Debug|Any CPU
		{2D2E5B52-0437-5A77-5934-7061C2D3159F}.Debug|Any CPU.Build.0 = Debug|Any CPU
		{2D2E5B52-0437-5A77-5934-7061C2D3159F}.Release|Any CPU.ActiveCfg = Release|Any CPU
		{2D2E5B52-0437-5A77-5934-7061C2D3159F}.Release|Any CPU.Build.0 = Release|Any CPU
		{C869EE52-6AC6-5596-84AE-521F360FBA29}.Debug|Any CPU.ActiveCfg = Debug|Any CPU
		{C869EE52-6AC6-5596-84AE-521F360FBA29}.Debug|Any CPU.Build.0 = Debug|Any CPU
		{C869EE52-6AC6-5596-84AE-521F360FBA29}.Release|Any CPU.ActiveCfg = Release|Any CPU
		{C869EE52-6AC6-5596-84AE-521F360FBA29}.Release|Any CPU.Build.0 = Release|Any CPU
	EndGlobalSection
	GlobalSection(SolutionProperties) = preSolution
		HideSolutionNode = FALSE
	EndGlobalSection
EndGlobal
